# This file is generated by running "yarn install" inside your project.
# Manual changes might be lost - proceed with caution!

__metadata:
  version: 8
  cacheKey: 10

"root-workspace-0b6124@workspace:.":
  version: 0.0.0-use.local
  resolution: "root-workspace-0b6124@workspace:."
  dependencies:
    typescript: "npm:^5.2.2"
  languageName: unknown
  linkType: soft

"typescript@npm:^5.2.2":
  version: 5.4.2
  resolution: "typescript@npm:5.4.2"
  bin:
    tsc: bin/tsc
    tsserver: bin/tsserver
  checksum: 10/f8cfdc630ab1672f004e9561eb2916935b2d267792d07ce93e97fc601c7a65191af32033d5e9c0169b7dc37da7db9bf320f7432bc84527cb7697effaa4e4559d
  languageName: node
  linkType: hard

"typescript@patch:typescript@npm%3A^5.2.2#optional!builtin<compat/typescript>":
  version: 5.4.2
  resolution: "typescript@patch:typescript@npm%3A5.4.2#optional!builtin<compat/typescript>::version=5.4.2&hash=d69c25"
  bin:
    tsc: bin/tsc
    tsserver: bin/tsserver
  checksum: 10/ef4fc2994cc0219dc9ada94c92106ba8d44cbfd7a0328ed6f8d730311caf66e114cdfa07fbc6f369bfc0fc182d9493851b3bf1644c06fc5818690b19ee960d72
  languageName: node
  linkType: hard
